<?xml version="1.0" encoding="utf-8"?>
<Project ToolsVersion="4.0" xmlns="http://schemas.microsoft.com/developer/msbuild/2003">
  <ItemGroup>
    <Filter Include="win32">
      <UniqueIdentifier>{84a8ebd7-7cf0-47f6-b75e-d441df67da40}</UniqueIdentifier>
    </Filter>
    <Filter Include="Classes">
      <UniqueIdentifier>{bb6c862e-70e9-49d9-81b7-3829a6f50471}</UniqueIdentifier>
    </Filter>
    <Filter Include="resource">
      <UniqueIdentifier>{715254bc-d70b-4ec5-bf29-467dd3ace079}</UniqueIdentifier>
    </Filter>
    <Filter Include="Classes\Scenes">
      <UniqueIdentifier>{5ad6b410-ff3b-423b-aa29-17973a8584b5}</UniqueIdentifier>
    </Filter>
    <Filter Include="Headers">
      <UniqueIdentifier>{c4459563-ff99-4296-8db0-0b03b8454554}</UniqueIdentifier>
    </Filter>
  </ItemGroup>
  <ItemGroup>
    <ClCompile Include="main.cpp">
      <Filter>win32</Filter>
    </ClCompile>
    <ClCompile Include="..\Classes\AppDelegate.cpp">
      <Filter>Classes</Filter>
    </ClCompile>
    <ClCompile Include="..\Classes\HelloWorldScene.cpp">
      <Filter>Classes\Scenes</Filter>
    </ClCompile>
    <ClCompile Include="..\Classes\Scenes\HudLayer.cpp">
      <Filter>Classes</Filter>
    </ClCompile>
    <ClCompile Include="..\Classes\Scenes\TestScene.cpp">
      <Filter>Classes\Scenes</Filter>
    </ClCompile>
    <ClCompile Include="..\Classes\Level.cpp">
      <Filter>Classes</Filter>
    </ClCompile>
    <ClCompile Include="..\Classes\Entities\Player.cpp">
      <Filter>Classes</Filter>
    </ClCompile>
  </ItemGroup>
  <ItemGroup>
    <ClInclude Include="main.h">
      <Filter>win32</Filter>
    </ClInclude>
    <ClInclude Include="..\Classes\AppDelegate.h">
      <Filter>Classes</Filter>
    </ClInclude>
    <ClInclude Include="..\Classes\HelloWorldScene.h">
      <Filter>Classes\Scenes</Filter>
    </ClInclude>
    <ClInclude Include="..\Classes\Headers\TestScene.h">
      <Filter>Headers</Filter>
    </ClInclude>
    <ClInclude Include="..\Classes\Headers\AppDelegate.h">
      <Filter>Headers</Filter>
    </ClInclude>
    <ClInclude Include="..\Classes\Headers\ContactListener.h">
      <Filter>Headers</Filter>
    </ClInclude>
    <ClInclude Include="..\Classes\Headers\Entity.h">
      <Filter>Headers</Filter>
    </ClInclude>
    <ClInclude Include="..\Classes\Headers\HelloWorldScene.h">
      <Filter>Headers</Filter>
    </ClInclude>
    <ClInclude Include="..\Classes\Headers\HudLayer.h">
      <Filter>Headers</Filter>
    </ClInclude>
    <ClInclude Include="..\Classes\Headers\Player.h">
      <Filter>Headers</Filter>
    </ClInclude>
    <ClInclude Include="..\Classes\Headers\SneakyButton.h">
      <Filter>Headers</Filter>
    </ClInclude>
    <ClInclude Include="..\Classes\Headers\SneakyButtonSkinnedBase.h">
      <Filter>Headers</Filter>
    </ClInclude>
    <ClInclude Include="..\Classes\Headers\SneakyJoystick.h">
      <Filter>Headers</Filter>
    </ClInclude>
    <ClInclude Include="..\Classes\Headers\SneakyJoystickSkinnedBase.h">
      <Filter>Headers</Filter>
    </ClInclude>
  </ItemGroup>
  <ItemGroup>
    <ResourceCompile Include="game.rc">
      <Filter>resource</Filter>
    </ResourceCompile>
  </ItemGroup>
</Project>